
Microsoft Visual Studio Solution File, Format Version 12.00
# Visual Studio Version 17
VisualStudioVersion = 17.0.31903.59
MinimumVisualStudioVersion = 10.0.40219.1
Project("{FAE04EC0-301F-11D3-BF4B-00C04F79EFBC}") = "jade-wrench.Api", "jade-wrench.Api\jade-wrench.Api.csproj", "{F7F4B0A6-950C-4E19-A923-2D9EEF8FD7E9}"
EndProject
Project("{FAE04EC0-301F-11D3-BF4B-00C04F79EFBC}") = "jade-wrench.Domain", "jade-wrench.Domain\jade-wrench.Domain.csproj", "{A17B7509-5B02-4676-B121-CC24D070DE5A}"
EndProject
Global
	GlobalSection(SolutionConfigurationPlatforms) = preSolution
		Debug|Any CPU = Debug|Any CPU
		Release|Any CPU = Release|Any CPU
	EndGlobalSection
	GlobalSection(SolutionProperties) = preSolution
		HideSolutionNode = FALSE
	EndGlobalSection
	GlobalSection(ProjectConfigurationPlatforms) = postSolution
		{F7F4B0A6-950C-4E19-A923-2D9EEF8FD7E9}.Debug|Any CPU.ActiveCfg = Debug|Any CPU
		{F7F4B0A6-950C-4E19-A923-2D9EEF8FD7E9}.Debug|Any CPU.Build.0 = Debug|Any CPU
		{F7F4B0A6-950C-4E19-A923-2D9EEF8FD7E9}.Release|Any CPU.ActiveCfg = Release|Any CPU
		{F7F4B0A6-950C-4E19-A923-2D9EEF8FD7E9}.Release|Any CPU.Build.0 = Release|Any CPU
		{A17B7509-5B02-4676-B121-CC24D070DE5A}.Debug|Any CPU.ActiveCfg = Debug|Any CPU
		{A17B7509-5B02-4676-B121-CC24D070DE5A}.Debug|Any CPU.Build.0 = Debug|Any CPU
		{A17B7509-5B02-4676-B121-CC24D070DE5A}.Release|Any CPU.ActiveCfg = Release|Any CPU
		{A17B7509-5B02-4676-B121-CC24D070DE5A}.Release|Any CPU.Build.0 = Release|Any CPU
	EndGlobalSection
EndGlobal
