
Microsoft Visual Studio Solution File, Format Version 12.00
# Visual Studio Version 17
VisualStudioVersion = 17.0.31903.59
MinimumVisualStudioVersion = 10.0.40219.1
Project("{FAE04EC0-301F-11D3-BF4B-00C04F79EFBC}") = "jade.wrench.Api", "jade.wrench.Api\jade.wrench.Api.csproj", "{FEE77D98-4F6D-452D-8BF7-0E5D1CC78C3C}"
EndProject
Project("{FAE04EC0-301F-11D3-BF4B-00C04F79EFBC}") = "jade.wrench.Domain", "jade.wrench.Domain\jade.wrench.Domain.csproj", "{2065FE54-7FA5-4314-824B-5078FBD25DB3}"
EndProject
Project("{FAE04EC0-301F-11D3-BF4B-00C04F79EFBC}") = "jade.wrench.Data", "jade.wrench.Data\jade.wrench.Data.csproj", "{2AA6AB84-E5CA-458E-94A3-CEE9750CDEF3}"
EndProject
Global
	GlobalSection(SolutionConfigurationPlatforms) = preSolution
		Debug|Any CPU = Debug|Any CPU
		Release|Any CPU = Release|Any CPU
	EndGlobalSection
	GlobalSection(SolutionProperties) = preSolution
		HideSolutionNode = FALSE
	EndGlobalSection
	GlobalSection(ProjectConfigurationPlatforms) = postSolution
		{FEE77D98-4F6D-452D-8BF7-0E5D1CC78C3C}.Debug|Any CPU.ActiveCfg = Debug|Any CPU
		{FEE77D98-4F6D-452D-8BF7-0E5D1CC78C3C}.Debug|Any CPU.Build.0 = Debug|Any CPU
		{FEE77D98-4F6D-452D-8BF7-0E5D1CC78C3C}.Release|Any CPU.ActiveCfg = Release|Any CPU
		{FEE77D98-4F6D-452D-8BF7-0E5D1CC78C3C}.Release|Any CPU.Build.0 = Release|Any CPU
		{2065FE54-7FA5-4314-824B-5078FBD25DB3}.Debug|Any CPU.ActiveCfg = Debug|Any CPU
		{2065FE54-7FA5-4314-824B-5078FBD25DB3}.Debug|Any CPU.Build.0 = Debug|Any CPU
		{2065FE54-7FA5-4314-824B-5078FBD25DB3}.Release|Any CPU.ActiveCfg = Release|Any CPU
		{2065FE54-7FA5-4314-824B-5078FBD25DB3}.Release|Any CPU.Build.0 = Release|Any CPU
		{2AA6AB84-E5CA-458E-94A3-CEE9750CDEF3}.Debug|Any CPU.ActiveCfg = Debug|Any CPU
		{2AA6AB84-E5CA-458E-94A3-CEE9750CDEF3}.Debug|Any CPU.Build.0 = Debug|Any CPU
		{2AA6AB84-E5CA-458E-94A3-CEE9750CDEF3}.Release|Any CPU.ActiveCfg = Release|Any CPU
		{2AA6AB84-E5CA-458E-94A3-CEE9750CDEF3}.Release|Any CPU.Build.0 = Release|Any CPU
	EndGlobalSection
EndGlobal
